
Microsoft Visual Studio Solution File, Format Version 12.00
# Visual Studio 15
VisualStudioVersion = 15.0.28010.2026
MinimumVisualStudioVersion = 10.0.40219.1
Project("{8BC9CEB8-8B4A-11D0-8D11-00A0C91BC942}") = "SargonEmu", "SargonEmu.vcxproj", "{57A168EC-8D58-4827-8D3B-106720B2EFEB}"
EndProject
Global
	GlobalSection(SolutionConfigurationPlatforms) = preSolution
		Debug|x64 = Debug|x64
		Debug|x86 = Debug|x86
		Release|x64 = Release|x64
		Release|x86 = Release|x86
	EndGlobalSection
	GlobalSection(ProjectConfigurationPlatforms) = postSolution
		{57A168EC-8D58-4827-8D3B-106720B2EFEB}.Debug|x64.ActiveCfg = Debug|x64
		{57A168EC-8D58-4827-8D3B-106720B2EFEB}.Debug|x64.Build.0 = Debug|x64
		{57A168EC-8D58-4827-8D3B-106720B2EFEB}.Debug|x86.ActiveCfg = Debug|Win32
		{57A168EC-8D58-4827-8D3B-106720B2EFEB}.Debug|x86.Build.0 = Debug|Win32
		{57A168EC-8D58-4827-8D3B-106720B2EFEB}.Release|x64.ActiveCfg = Release|x64
		{57A168EC-8D58-4827-8D3B-106720B2EFEB}.Release|x64.Build.0 = Release|x64
		{57A168EC-8D58-4827-8D3B-106720B2EFEB}.Release|x86.ActiveCfg = Release|Win32
		{57A168EC-8D58-4827-8D3B-106720B2EFEB}.Release|x86.Build.0 = Release|Win32
	EndGlobalSection
	GlobalSection(SolutionProperties) = preSolution
		HideSolutionNode = FALSE
	EndGlobalSection
	GlobalSection(ExtensibilityGlobals) = postSolution
		SolutionGuid = {3F7A8784-32BA-4313-9FA6-60D2D0C81944}
	EndGlobalSection
EndGlobal
